
Microsoft Visual Studio Solution File, Format Version 12.00
# Visual Studio Version 16
VisualStudioVersion = 16.0.28809.33
MinimumVisualStudioVersion = 10.0.40219.1
Project("{FAE04EC0-301F-11D3-BF4B-00C04F79EFBC}") = "DotNETDevOps.Extensions.AzureFunctions", "src\DotNETDevOps.Extensions.AzureFunctions\DotNETDevOps.Extensions.AzureFunctions.csproj", "{F4DBD722-35F4-4AA0-A99B-51C6B1673B1A}"
EndProject
Project("{2150E333-8FDC-42A3-9474-1A3956D46DE8}") = "Solution Items", "Solution Items", "{4E19C70B-AEFB-435E-8F25-127734250E2D}"
	ProjectSection(SolutionItems) = preProject
		README.md = README.md
	EndProjectSection
EndProject
Global
	GlobalSection(SolutionConfigurationPlatforms) = preSolution
		Debug|Any CPU = Debug|Any CPU
		Release|Any CPU = Release|Any CPU
	EndGlobalSection
	GlobalSection(ProjectConfigurationPlatforms) = postSolution
		{F4DBD722-35F4-4AA0-A99B-51C6B1673B1A}.Debug|Any CPU.ActiveCfg = Debug|Any CPU
		{F4DBD722-35F4-4AA0-A99B-51C6B1673B1A}.Debug|Any CPU.Build.0 = Debug|Any CPU
		{F4DBD722-35F4-4AA0-A99B-51C6B1673B1A}.Release|Any CPU.ActiveCfg = Release|Any CPU
		{F4DBD722-35F4-4AA0-A99B-51C6B1673B1A}.Release|Any CPU.Build.0 = Release|Any CPU
	EndGlobalSection
	GlobalSection(SolutionProperties) = preSolution
		HideSolutionNode = FALSE
	EndGlobalSection
	GlobalSection(ExtensibilityGlobals) = postSolution
		SolutionGuid = {91998C0D-E3F1-4C90-8F3C-763A0325C7F1}
	EndGlobalSection
EndGlobal
