
Microsoft Visual Studio Solution File, Format Version 12.00
# Visual Studio Version 16
VisualStudioVersion = 16.0.28809.33
MinimumVisualStudioVersion = 10.0.40219.1
Project("{9A19103F-16F7-4668-BE54-9A1E7A4F7556}") = "DotNETDevOps.Extensions.AzureFunctions", "src\DotNETDevOps.Extensions.AzureFunctions\DotNETDevOps.Extensions.AzureFunctions.csproj", "{F4DBD722-35F4-4AA0-A99B-51C6B1673B1A}"
EndProject
Project("{2150E333-8FDC-42A3-9474-1A3956D46DE8}") = "Solution Items", "Solution Items", "{4E19C70B-AEFB-435E-8F25-127734250E2D}"
	ProjectSection(SolutionItems) = preProject
		azure-pipelines.yml = azure-pipelines.yml
		README.md = README.md
	EndProjectSection
EndProject
Project("{2150E333-8FDC-42A3-9474-1A3956D46DE8}") = "samples", "samples", "{B2986695-3EE1-4194-89F1-D1A0F86E4CCA}"
EndProject
Project("{9A19103F-16F7-4668-BE54-9A1E7A4F7556}") = "AspNetCore22AppInsights", "samples\AspNetCore22AppInsights\AspNetCore22AppInsights.csproj", "{A3C9A7E3-DC8B-4205-9FB5-FEA486FC4CB4}"
EndProject
Project("{9A19103F-16F7-4668-BE54-9A1E7A4F7556}") = "DotNETDevOps.Extensions.AzureFunctions.Serilog", "src\DotNETDevOps.Extensions.AzureFunctions.ApplicationInsights\DotNETDevOps.Extensions.AzureFunctions.Serilog.csproj", "{3DC38CDC-80D1-484A-AA95-89157EC062CD}"
EndProject
Global
	GlobalSection(SolutionConfigurationPlatforms) = preSolution
		Debug|Any CPU = Debug|Any CPU
		Release|Any CPU = Release|Any CPU
	EndGlobalSection
	GlobalSection(ProjectConfigurationPlatforms) = postSolution
		{F4DBD722-35F4-4AA0-A99B-51C6B1673B1A}.Debug|Any CPU.ActiveCfg = Debug|Any CPU
		{F4DBD722-35F4-4AA0-A99B-51C6B1673B1A}.Debug|Any CPU.Build.0 = Debug|Any CPU
		{F4DBD722-35F4-4AA0-A99B-51C6B1673B1A}.Release|Any CPU.ActiveCfg = Release|Any CPU
		{F4DBD722-35F4-4AA0-A99B-51C6B1673B1A}.Release|Any CPU.Build.0 = Release|Any CPU
		{A3C9A7E3-DC8B-4205-9FB5-FEA486FC4CB4}.Debug|Any CPU.ActiveCfg = Debug|Any CPU
		{A3C9A7E3-DC8B-4205-9FB5-FEA486FC4CB4}.Debug|Any CPU.Build.0 = Debug|Any CPU
		{A3C9A7E3-DC8B-4205-9FB5-FEA486FC4CB4}.Release|Any CPU.ActiveCfg = Release|Any CPU
		{A3C9A7E3-DC8B-4205-9FB5-FEA486FC4CB4}.Release|Any CPU.Build.0 = Release|Any CPU
		{3DC38CDC-80D1-484A-AA95-89157EC062CD}.Debug|Any CPU.ActiveCfg = Debug|Any CPU
		{3DC38CDC-80D1-484A-AA95-89157EC062CD}.Debug|Any CPU.Build.0 = Debug|Any CPU
		{3DC38CDC-80D1-484A-AA95-89157EC062CD}.Release|Any CPU.ActiveCfg = Release|Any CPU
		{3DC38CDC-80D1-484A-AA95-89157EC062CD}.Release|Any CPU.Build.0 = Release|Any CPU
	EndGlobalSection
	GlobalSection(SolutionProperties) = preSolution
		HideSolutionNode = FALSE
	EndGlobalSection
	GlobalSection(NestedProjects) = preSolution
		{A3C9A7E3-DC8B-4205-9FB5-FEA486FC4CB4} = {B2986695-3EE1-4194-89F1-D1A0F86E4CCA}
	EndGlobalSection
	GlobalSection(ExtensibilityGlobals) = postSolution
		SolutionGuid = {91998C0D-E3F1-4C90-8F3C-763A0325C7F1}
	EndGlobalSection
EndGlobal
